
Microsoft Visual Studio Solution File, Format Version 12.00
# Visual Studio Version 17
VisualStudioVersion = 17.4.33205.214
MinimumVisualStudioVersion = 10.0.40219.1
Project("{FAE04EC0-301F-11D3-BF4B-00C04F79EFBC}") = "veeb", "veeb.csproj", "{8D93CB6A-F8A7-44A5-AC5E-2302D5A4361E}"
EndProject
Global
	GlobalSection(SolutionConfigurationPlatforms) = preSolution
		Debug|Any CPU = Debug|Any CPU
		Release|Any CPU = Release|Any CPU
	EndGlobalSection
	GlobalSection(ProjectConfigurationPlatforms) = postSolution
		{8D93CB6A-F8A7-44A5-AC5E-2302D5A4361E}.Debug|Any CPU.ActiveCfg = Debug|Any CPU
		{8D93CB6A-F8A7-44A5-AC5E-2302D5A4361E}.Debug|Any CPU.Build.0 = Debug|Any CPU
		{8D93CB6A-F8A7-44A5-AC5E-2302D5A4361E}.Release|Any CPU.ActiveCfg = Release|Any CPU
		{8D93CB6A-F8A7-44A5-AC5E-2302D5A4361E}.Release|Any CPU.Build.0 = Release|Any CPU
	EndGlobalSection
	GlobalSection(SolutionProperties) = preSolution
		HideSolutionNode = FALSE
	EndGlobalSection
	GlobalSection(ExtensibilityGlobals) = postSolution
		SolutionGuid = {924C1110-1784-4E8B-99CC-60F74C3E7798}
	EndGlobalSection
EndGlobal
